
Microsoft Visual Studio Solution File, Format Version 12.00
# Visual Studio Version 16
VisualStudioVersion = 16.0.30804.86
MinimumVisualStudioVersion = 10.0.40219.1
Project("{FAE04EC0-301F-11D3-BF4B-00C04F79EFBC}") = "Day01", "Day01\Day01.csproj", "{89C850A0-6471-4DF6-8BA6-A98DB7F30C38}"
EndProject
Project("{FAE04EC0-301F-11D3-BF4B-00C04F79EFBC}") = "Day02", "Day02\Day02.csproj", "{06149ECC-49FA-4C6E-90AF-CB9D13AE7EBA}"
EndProject
Project("{FAE04EC0-301F-11D3-BF4B-00C04F79EFBC}") = "Day03", "Day03\Day03.csproj", "{B74CE18F-61F3-4E73-9258-37EC2C22A9C9}"
EndProject
Project("{FAE04EC0-301F-11D3-BF4B-00C04F79EFBC}") = "Day04", "Day04\Day04.csproj", "{346A447C-619C-4C4A-8841-3ECB34ACFF0E}"
EndProject
Project("{FAE04EC0-301F-11D3-BF4B-00C04F79EFBC}") = "Day05", "Day05\Day05.csproj", "{D45A8F0F-C5D5-4270-B213-92FD6E29C0F4}"
EndProject
Project("{FAE04EC0-301F-11D3-BF4B-00C04F79EFBC}") = "Day06", "Day06\Day06.csproj", "{4E27D3A7-49CA-4AED-81B2-6CC97B6479C4}"
EndProject
Project("{FAE04EC0-301F-11D3-BF4B-00C04F79EFBC}") = "Day07", "Day07\Day07.csproj", "{57E229A5-4581-4016-B19A-9F4B80601716}"
EndProject
Project("{FAE04EC0-301F-11D3-BF4B-00C04F79EFBC}") = "Infi", "Infi\Infi.csproj", "{A7CEC050-6D50-4EE7-BC22-403EF0E45D37}"
EndProject
Project("{FAE04EC0-301F-11D3-BF4B-00C04F79EFBC}") = "Day08", "Day08\Day08.csproj", "{DD462A00-647D-4D44-B79D-62889698C0D8}"
EndProject
Project("{FAE04EC0-301F-11D3-BF4B-00C04F79EFBC}") = "Day09", "Day09\Day09.csproj", "{22725347-CC53-42F3-A7AA-5D61258CF22E}"
EndProject
Project("{FAE04EC0-301F-11D3-BF4B-00C04F79EFBC}") = "Day10", "Day10\Day10.csproj", "{D170FE23-2D4A-467A-9E91-A460BB14FD43}"
EndProject
Project("{FAE04EC0-301F-11D3-BF4B-00C04F79EFBC}") = "Day11", "Day11\Day11.csproj", "{918A70D2-4CA9-4102-9C48-CD4C2A937207}"
EndProject
Project("{FAE04EC0-301F-11D3-BF4B-00C04F79EFBC}") = "Day12", "Day12\Day12.csproj", "{BCC33D69-92D9-42BA-B312-D7ACFEF1B57C}"
EndProject
Project("{FAE04EC0-301F-11D3-BF4B-00C04F79EFBC}") = "Day13", "Day13\Day13.csproj", "{311C7E18-3DE1-4007-AD6A-77D229677F58}"
EndProject
Project("{FAE04EC0-301F-11D3-BF4B-00C04F79EFBC}") = "Day14", "Day14\Day14.csproj", "{21260724-D094-4D3C-8CCC-FAF6E6B79738}"
EndProject
Project("{FAE04EC0-301F-11D3-BF4B-00C04F79EFBC}") = "Day15", "Day15\Day15.csproj", "{3B909D8E-2A54-466A-AFC5-E22BD3EC494B}"
EndProject
Project("{FAE04EC0-301F-11D3-BF4B-00C04F79EFBC}") = "Day16", "Day16\Day16.csproj", "{67B600DC-FD4C-4BFA-A184-6413F4064205}"
EndProject
Project("{FAE04EC0-301F-11D3-BF4B-00C04F79EFBC}") = "Day17", "Day17\Day17.csproj", "{8FBD4FF1-7B7A-4317-9263-F691DC1FD885}"
EndProject
Project("{FAE04EC0-301F-11D3-BF4B-00C04F79EFBC}") = "Day18", "Day18\Day18.csproj", "{72BDD225-F4D2-4A0F-8F82-11403CC773BC}"
EndProject
Project("{FAE04EC0-301F-11D3-BF4B-00C04F79EFBC}") = "Day19", "Day19\Day19.csproj", "{3E0354AF-AA4B-4A94-814C-EB3A64D52DD9}"
EndProject
Project("{FAE04EC0-301F-11D3-BF4B-00C04F79EFBC}") = "Day20", "Day20\Day20.csproj", "{D54A89CC-CB91-4D63-9745-9A1DE19D1A23}"
EndProject
Project("{FAE04EC0-301F-11D3-BF4B-00C04F79EFBC}") = "Day22", "Day22\Day22.csproj", "{7AC5CE3E-8D5F-4D79-87DE-E78B8ADFED99}"
EndProject
Project("{FAE04EC0-301F-11D3-BF4B-00C04F79EFBC}") = "Day24", "Day24\Day24.csproj", "{C301C99B-F831-44E5-95C4-D75D0A589B6A}"
EndProject
Project("{FAE04EC0-301F-11D3-BF4B-00C04F79EFBC}") = "Day21", "Day21\Day21.csproj", "{A06C1C0B-7B22-4E21-87A0-E0C89B98845E}"
EndProject
Project("{FAE04EC0-301F-11D3-BF4B-00C04F79EFBC}") = "Day23", "Day23\Day23.csproj", "{312E07D3-6070-49B2-8A29-7D93F31B72B9}"
EndProject
Project("{FAE04EC0-301F-11D3-BF4B-00C04F79EFBC}") = "Day25", "Day25\Day25.csproj", "{AD7A361C-0AD0-4EA9-A9B9-C5D6334E2096}"
EndProject
Global
	GlobalSection(SolutionConfigurationPlatforms) = preSolution
		Debug|Any CPU = Debug|Any CPU
		Release|Any CPU = Release|Any CPU
	EndGlobalSection
	GlobalSection(ProjectConfigurationPlatforms) = postSolution
		{89C850A0-6471-4DF6-8BA6-A98DB7F30C38}.Debug|Any CPU.ActiveCfg = Debug|Any CPU
		{89C850A0-6471-4DF6-8BA6-A98DB7F30C38}.Debug|Any CPU.Build.0 = Debug|Any CPU
		{89C850A0-6471-4DF6-8BA6-A98DB7F30C38}.Release|Any CPU.ActiveCfg = Release|Any CPU
		{89C850A0-6471-4DF6-8BA6-A98DB7F30C38}.Release|Any CPU.Build.0 = Release|Any CPU
		{06149ECC-49FA-4C6E-90AF-CB9D13AE7EBA}.Debug|Any CPU.ActiveCfg = Debug|Any CPU
		{06149ECC-49FA-4C6E-90AF-CB9D13AE7EBA}.Debug|Any CPU.Build.0 = Debug|Any CPU
		{06149ECC-49FA-4C6E-90AF-CB9D13AE7EBA}.Release|Any CPU.ActiveCfg = Release|Any CPU
		{06149ECC-49FA-4C6E-90AF-CB9D13AE7EBA}.Release|Any CPU.Build.0 = Release|Any CPU
		{B74CE18F-61F3-4E73-9258-37EC2C22A9C9}.Debug|Any CPU.ActiveCfg = Debug|Any CPU
		{B74CE18F-61F3-4E73-9258-37EC2C22A9C9}.Debug|Any CPU.Build.0 = Debug|Any CPU
		{B74CE18F-61F3-4E73-9258-37EC2C22A9C9}.Release|Any CPU.ActiveCfg = Release|Any CPU
		{B74CE18F-61F3-4E73-9258-37EC2C22A9C9}.Release|Any CPU.Build.0 = Release|Any CPU
		{346A447C-619C-4C4A-8841-3ECB34ACFF0E}.Debug|Any CPU.ActiveCfg = Debug|Any CPU
		{346A447C-619C-4C4A-8841-3ECB34ACFF0E}.Debug|Any CPU.Build.0 = Debug|Any CPU
		{346A447C-619C-4C4A-8841-3ECB34ACFF0E}.Release|Any CPU.ActiveCfg = Release|Any CPU
		{346A447C-619C-4C4A-8841-3ECB34ACFF0E}.Release|Any CPU.Build.0 = Release|Any CPU
		{D45A8F0F-C5D5-4270-B213-92FD6E29C0F4}.Debug|Any CPU.ActiveCfg = Debug|Any CPU
		{D45A8F0F-C5D5-4270-B213-92FD6E29C0F4}.Debug|Any CPU.Build.0 = Debug|Any CPU
		{D45A8F0F-C5D5-4270-B213-92FD6E29C0F4}.Release|Any CPU.ActiveCfg = Release|Any CPU
		{D45A8F0F-C5D5-4270-B213-92FD6E29C0F4}.Release|Any CPU.Build.0 = Release|Any CPU
		{4E27D3A7-49CA-4AED-81B2-6CC97B6479C4}.Debug|Any CPU.ActiveCfg = Debug|Any CPU
		{4E27D3A7-49CA-4AED-81B2-6CC97B6479C4}.Debug|Any CPU.Build.0 = Debug|Any CPU
		{4E27D3A7-49CA-4AED-81B2-6CC97B6479C4}.Release|Any CPU.ActiveCfg = Release|Any CPU
		{4E27D3A7-49CA-4AED-81B2-6CC97B6479C4}.Release|Any CPU.Build.0 = Release|Any CPU
		{57E229A5-4581-4016-B19A-9F4B80601716}.Debug|Any CPU.ActiveCfg = Debug|Any CPU
		{57E229A5-4581-4016-B19A-9F4B80601716}.Debug|Any CPU.Build.0 = Debug|Any CPU
		{57E229A5-4581-4016-B19A-9F4B80601716}.Release|Any CPU.ActiveCfg = Release|Any CPU
		{57E229A5-4581-4016-B19A-9F4B80601716}.Release|Any CPU.Build.0 = Release|Any CPU
		{A7CEC050-6D50-4EE7-BC22-403EF0E45D37}.Debug|Any CPU.ActiveCfg = Debug|Any CPU
		{A7CEC050-6D50-4EE7-BC22-403EF0E45D37}.Debug|Any CPU.Build.0 = Debug|Any CPU
		{A7CEC050-6D50-4EE7-BC22-403EF0E45D37}.Release|Any CPU.ActiveCfg = Release|Any CPU
		{A7CEC050-6D50-4EE7-BC22-403EF0E45D37}.Release|Any CPU.Build.0 = Release|Any CPU
		{DD462A00-647D-4D44-B79D-62889698C0D8}.Debug|Any CPU.ActiveCfg = Debug|Any CPU
		{DD462A00-647D-4D44-B79D-62889698C0D8}.Debug|Any CPU.Build.0 = Debug|Any CPU
		{DD462A00-647D-4D44-B79D-62889698C0D8}.Release|Any CPU.ActiveCfg = Release|Any CPU
		{DD462A00-647D-4D44-B79D-62889698C0D8}.Release|Any CPU.Build.0 = Release|Any CPU
		{22725347-CC53-42F3-A7AA-5D61258CF22E}.Debug|Any CPU.ActiveCfg = Debug|Any CPU
		{22725347-CC53-42F3-A7AA-5D61258CF22E}.Debug|Any CPU.Build.0 = Debug|Any CPU
		{22725347-CC53-42F3-A7AA-5D61258CF22E}.Release|Any CPU.ActiveCfg = Release|Any CPU
		{22725347-CC53-42F3-A7AA-5D61258CF22E}.Release|Any CPU.Build.0 = Release|Any CPU
		{D170FE23-2D4A-467A-9E91-A460BB14FD43}.Debug|Any CPU.ActiveCfg = Debug|Any CPU
		{D170FE23-2D4A-467A-9E91-A460BB14FD43}.Debug|Any CPU.Build.0 = Debug|Any CPU
		{D170FE23-2D4A-467A-9E91-A460BB14FD43}.Release|Any CPU.ActiveCfg = Release|Any CPU
		{D170FE23-2D4A-467A-9E91-A460BB14FD43}.Release|Any CPU.Build.0 = Release|Any CPU
		{918A70D2-4CA9-4102-9C48-CD4C2A937207}.Debug|Any CPU.ActiveCfg = Debug|Any CPU
		{918A70D2-4CA9-4102-9C48-CD4C2A937207}.Debug|Any CPU.Build.0 = Debug|Any CPU
		{918A70D2-4CA9-4102-9C48-CD4C2A937207}.Release|Any CPU.ActiveCfg = Release|Any CPU
		{918A70D2-4CA9-4102-9C48-CD4C2A937207}.Release|Any CPU.Build.0 = Release|Any CPU
		{BCC33D69-92D9-42BA-B312-D7ACFEF1B57C}.Debug|Any CPU.ActiveCfg = Debug|Any CPU
		{BCC33D69-92D9-42BA-B312-D7ACFEF1B57C}.Debug|Any CPU.Build.0 = Debug|Any CPU
		{BCC33D69-92D9-42BA-B312-D7ACFEF1B57C}.Release|Any CPU.ActiveCfg = Release|Any CPU
		{BCC33D69-92D9-42BA-B312-D7ACFEF1B57C}.Release|Any CPU.Build.0 = Release|Any CPU
		{311C7E18-3DE1-4007-AD6A-77D229677F58}.Debug|Any CPU.ActiveCfg = Debug|Any CPU
		{311C7E18-3DE1-4007-AD6A-77D229677F58}.Debug|Any CPU.Build.0 = Debug|Any CPU
		{311C7E18-3DE1-4007-AD6A-77D229677F58}.Release|Any CPU.ActiveCfg = Release|Any CPU
		{311C7E18-3DE1-4007-AD6A-77D229677F58}.Release|Any CPU.Build.0 = Release|Any CPU
		{21260724-D094-4D3C-8CCC-FAF6E6B79738}.Debug|Any CPU.ActiveCfg = Debug|Any CPU
		{21260724-D094-4D3C-8CCC-FAF6E6B79738}.Debug|Any CPU.Build.0 = Debug|Any CPU
		{21260724-D094-4D3C-8CCC-FAF6E6B79738}.Release|Any CPU.ActiveCfg = Release|Any CPU
		{21260724-D094-4D3C-8CCC-FAF6E6B79738}.Release|Any CPU.Build.0 = Release|Any CPU
		{3B909D8E-2A54-466A-AFC5-E22BD3EC494B}.Debug|Any CPU.ActiveCfg = Debug|Any CPU
		{3B909D8E-2A54-466A-AFC5-E22BD3EC494B}.Debug|Any CPU.Build.0 = Debug|Any CPU
		{3B909D8E-2A54-466A-AFC5-E22BD3EC494B}.Release|Any CPU.ActiveCfg = Release|Any CPU
		{3B909D8E-2A54-466A-AFC5-E22BD3EC494B}.Release|Any CPU.Build.0 = Release|Any CPU
		{67B600DC-FD4C-4BFA-A184-6413F4064205}.Debug|Any CPU.ActiveCfg = Debug|Any CPU
		{67B600DC-FD4C-4BFA-A184-6413F4064205}.Debug|Any CPU.Build.0 = Debug|Any CPU
		{67B600DC-FD4C-4BFA-A184-6413F4064205}.Release|Any CPU.ActiveCfg = Release|Any CPU
		{67B600DC-FD4C-4BFA-A184-6413F4064205}.Release|Any CPU.Build.0 = Release|Any CPU
		{8FBD4FF1-7B7A-4317-9263-F691DC1FD885}.Debug|Any CPU.ActiveCfg = Debug|Any CPU
		{8FBD4FF1-7B7A-4317-9263-F691DC1FD885}.Debug|Any CPU.Build.0 = Debug|Any CPU
		{8FBD4FF1-7B7A-4317-9263-F691DC1FD885}.Release|Any CPU.ActiveCfg = Release|Any CPU
		{8FBD4FF1-7B7A-4317-9263-F691DC1FD885}.Release|Any CPU.Build.0 = Release|Any CPU
		{72BDD225-F4D2-4A0F-8F82-11403CC773BC}.Debug|Any CPU.ActiveCfg = Debug|Any CPU
		{72BDD225-F4D2-4A0F-8F82-11403CC773BC}.Debug|Any CPU.Build.0 = Debug|Any CPU
		{72BDD225-F4D2-4A0F-8F82-11403CC773BC}.Release|Any CPU.ActiveCfg = Release|Any CPU
		{72BDD225-F4D2-4A0F-8F82-11403CC773BC}.Release|Any CPU.Build.0 = Release|Any CPU
		{3E0354AF-AA4B-4A94-814C-EB3A64D52DD9}.Debug|Any CPU.ActiveCfg = Debug|Any CPU
		{3E0354AF-AA4B-4A94-814C-EB3A64D52DD9}.Debug|Any CPU.Build.0 = Debug|Any CPU
		{3E0354AF-AA4B-4A94-814C-EB3A64D52DD9}.Release|Any CPU.ActiveCfg = Release|Any CPU
		{3E0354AF-AA4B-4A94-814C-EB3A64D52DD9}.Release|Any CPU.Build.0 = Release|Any CPU
		{D54A89CC-CB91-4D63-9745-9A1DE19D1A23}.Debug|Any CPU.ActiveCfg = Debug|Any CPU
		{D54A89CC-CB91-4D63-9745-9A1DE19D1A23}.Debug|Any CPU.Build.0 = Debug|Any CPU
		{D54A89CC-CB91-4D63-9745-9A1DE19D1A23}.Release|Any CPU.ActiveCfg = Release|Any CPU
		{D54A89CC-CB91-4D63-9745-9A1DE19D1A23}.Release|Any CPU.Build.0 = Release|Any CPU
		{7AC5CE3E-8D5F-4D79-87DE-E78B8ADFED99}.Debug|Any CPU.ActiveCfg = Debug|Any CPU
		{7AC5CE3E-8D5F-4D79-87DE-E78B8ADFED99}.Debug|Any CPU.Build.0 = Debug|Any CPU
		{7AC5CE3E-8D5F-4D79-87DE-E78B8ADFED99}.Release|Any CPU.ActiveCfg = Release|Any CPU
		{7AC5CE3E-8D5F-4D79-87DE-E78B8ADFED99}.Release|Any CPU.Build.0 = Release|Any CPU
		{C301C99B-F831-44E5-95C4-D75D0A589B6A}.Debug|Any CPU.ActiveCfg = Debug|Any CPU
		{C301C99B-F831-44E5-95C4-D75D0A589B6A}.Debug|Any CPU.Build.0 = Debug|Any CPU
		{C301C99B-F831-44E5-95C4-D75D0A589B6A}.Release|Any CPU.ActiveCfg = Release|Any CPU
		{C301C99B-F831-44E5-95C4-D75D0A589B6A}.Release|Any CPU.Build.0 = Release|Any CPU
		{A06C1C0B-7B22-4E21-87A0-E0C89B98845E}.Debug|Any CPU.ActiveCfg = Debug|Any CPU
		{A06C1C0B-7B22-4E21-87A0-E0C89B98845E}.Debug|Any CPU.Build.0 = Debug|Any CPU
		{A06C1C0B-7B22-4E21-87A0-E0C89B98845E}.Release|Any CPU.ActiveCfg = Release|Any CPU
		{A06C1C0B-7B22-4E21-87A0-E0C89B98845E}.Release|Any CPU.Build.0 = Release|Any CPU
		{312E07D3-6070-49B2-8A29-7D93F31B72B9}.Debug|Any CPU.ActiveCfg = Debug|Any CPU
		{312E07D3-6070-49B2-8A29-7D93F31B72B9}.Debug|Any CPU.Build.0 = Debug|Any CPU
		{312E07D3-6070-49B2-8A29-7D93F31B72B9}.Release|Any CPU.ActiveCfg = Release|Any CPU
		{312E07D3-6070-49B2-8A29-7D93F31B72B9}.Release|Any CPU.Build.0 = Release|Any CPU
		{AD7A361C-0AD0-4EA9-A9B9-C5D6334E2096}.Debug|Any CPU.ActiveCfg = Debug|Any CPU
		{AD7A361C-0AD0-4EA9-A9B9-C5D6334E2096}.Debug|Any CPU.Build.0 = Debug|Any CPU
		{AD7A361C-0AD0-4EA9-A9B9-C5D6334E2096}.Release|Any CPU.ActiveCfg = Release|Any CPU
		{AD7A361C-0AD0-4EA9-A9B9-C5D6334E2096}.Release|Any CPU.Build.0 = Release|Any CPU
	EndGlobalSection
	GlobalSection(SolutionProperties) = preSolution
		HideSolutionNode = FALSE
	EndGlobalSection
	GlobalSection(ExtensibilityGlobals) = postSolution
		SolutionGuid = {7AE24718-151B-47D8-92E2-27C58AB5CCD6}
	EndGlobalSection
EndGlobal
